// !$*UTF8*$!
{
	archiveVersion = 1;
	classes = {
	};
	objectVersion = 50;
	objects = {

/* Begin PBXBuildFile section */
		1770ECF45B095B96AC86F165 /* libPods-RACDemo.a in Frameworks */ = {isa = PBXBuildFile; fileRef = 4E8269734C6BA14308AEF3FF /* libPods-RACDemo.a */; };
		1F606080228315EB003E720E /* LoginView.m in Sources */ = {isa = PBXBuildFile; fileRef = 1F60607F228315EB003E720E /* LoginView.m */; };
		1F60608622832A24003E720E /* MVPModel.m in Sources */ = {isa = PBXBuildFile; fileRef = 1F60608522832A24003E720E /* MVPModel.m */; };
		1F60608922832A3A003E720E /* MVPresenter.m in Sources */ = {isa = PBXBuildFile; fileRef = 1F60608822832A3A003E720E /* MVPresenter.m */; };
		1F60608C22832A4E003E720E /* MVPViewController.m in Sources */ = {isa = PBXBuildFile; fileRef = 1F60608B22832A4E003E720E /* MVPViewController.m */; };
		1F606090228336DA003E720E /* MVPLoginView.m in Sources */ = {isa = PBXBuildFile; fileRef = 1F60608F228336DA003E720E /* MVPLoginView.m */; };
		1F695D002282D401008250F2 /* RacDelegateView.m in Sources */ = {isa = PBXBuildFile; fileRef = 1F695CFF2282D401008250F2 /* RacDelegateView.m */; };
		1F695D092282DCFF008250F2 /* MVVMViewController.m in Sources */ = {isa = PBXBuildFile; fileRef = 1F695D082282DCFF008250F2 /* MVVMViewController.m */; };
		1F695D1522830ECE008250F2 /* LoginViewModel.m in Sources */ = {isa = PBXBuildFile; fileRef = 1F695D1422830ECE008250F2 /* LoginViewModel.m */; };
		1F695D1822830F2D008250F2 /* LoginModel.m in Sources */ = {isa = PBXBuildFile; fileRef = 1F695D1722830F2D008250F2 /* LoginModel.m */; };
		1F72665A224A726F00BFF2A3 /* AppDelegate.m in Sources */ = {isa = PBXBuildFile; fileRef = 1F726659224A726F00BFF2A3 /* AppDelegate.m */; };
		1F72665D224A726F00BFF2A3 /* ViewController.m in Sources */ = {isa = PBXBuildFile; fileRef = 1F72665C224A726F00BFF2A3 /* ViewController.m */; };
		1F726660224A726F00BFF2A3 /* Main.storyboard in Resources */ = {isa = PBXBuildFile; fileRef = 1F72665E224A726F00BFF2A3 /* Main.storyboard */; };
		1F726662224A727600BFF2A3 /* Assets.xcassets in Resources */ = {isa = PBXBuildFile; fileRef = 1F726661224A727600BFF2A3 /* Assets.xcassets */; };
		1F726665224A727600BFF2A3 /* LaunchScreen.storyboard in Resources */ = {isa = PBXBuildFile; fileRef = 1F726663224A727600BFF2A3 /* LaunchScreen.storyboard */; };
		1F726668224A727600BFF2A3 /* main.m in Sources */ = {isa = PBXBuildFile; fileRef = 1F726667224A727600BFF2A3 /* main.m */; };
/* End PBXBuildFile section */

/* Begin PBXFileReference section */
		0293F56524FF22C576D93E0B /* Pods-RACDemo.release.xcconfig */ = {isa = PBXFileReference; includeInIndex = 1; lastKnownFileType = text.xcconfig; name = "Pods-RACDemo.release.xcconfig"; path = "Pods/Target Support Files/Pods-RACDemo/Pods-RACDemo.release.xcconfig"; sourceTree = "<group>"; };
		1F60607E228315EB003E720E /* LoginView.h */ = {isa = PBXFileReference; lastKnownFileType = sourcecode.c.h; path = LoginView.h; sourceTree = "<group>"; };
		1F60607F228315EB003E720E /* LoginView.m */ = {isa = PBXFileReference; lastKnownFileType = sourcecode.c.objc; path = LoginView.m; sourceTree = "<group>"; };
		1F60608422832A24003E720E /* MVPModel.h */ = {isa = PBXFileReference; lastKnownFileType = sourcecode.c.h; path = MVPModel.h; sourceTree = "<group>"; };
		1F60608522832A24003E720E /* MVPModel.m */ = {isa = PBXFileReference; lastKnownFileType = sourcecode.c.objc; path = MVPModel.m; sourceTree = "<group>"; };
		1F60608722832A3A003E720E /* MVPresenter.h */ = {isa = PBXFileReference; lastKnownFileType = sourcecode.c.h; path = MVPresenter.h; sourceTree = "<group>"; };
		1F60608822832A3A003E720E /* MVPresenter.m */ = {isa = PBXFileReference; lastKnownFileType = sourcecode.c.objc; path = MVPresenter.m; sourceTree = "<group>"; };
		1F60608A22832A4E003E720E /* MVPViewController.h */ = {isa = PBXFileReference; lastKnownFileType = sourcecode.c.h; path = MVPViewController.h; sourceTree = "<group>"; };
		1F60608B22832A4E003E720E /* MVPViewController.m */ = {isa = PBXFileReference; lastKnownFileType = sourcecode.c.objc; path = MVPViewController.m; sourceTree = "<group>"; };
		1F60608D22832A6C003E720E /* MVProtocal.h */ = {isa = PBXFileReference; lastKnownFileType = sourcecode.c.h; path = MVProtocal.h; sourceTree = "<group>"; };
		1F60608E228336DA003E720E /* MVPLoginView.h */ = {isa = PBXFileReference; lastKnownFileType = sourcecode.c.h; path = MVPLoginView.h; sourceTree = "<group>"; };
		1F60608F228336DA003E720E /* MVPLoginView.m */ = {isa = PBXFileReference; lastKnownFileType = sourcecode.c.objc; path = MVPLoginView.m; sourceTree = "<group>"; };
		1F695CFE2282D401008250F2 /* RacDelegateView.h */ = {isa = PBXFileReference; fileEncoding = 4; lastKnownFileType = sourcecode.c.h; name = RacDelegateView.h; path = ../../Desktop/RacDelegateView.h; sourceTree = "<group>"; };
		1F695CFF2282D401008250F2 /* RacDelegateView.m */ = {isa = PBXFileReference; fileEncoding = 4; lastKnownFileType = sourcecode.c.objc; name = RacDelegateView.m; path = ../../Desktop/RacDelegateView.m; sourceTree = "<group>"; };
		1F695D072282DCFF008250F2 /* MVVMViewController.h */ = {isa = PBXFileReference; lastKnownFileType = sourcecode.c.h; path = MVVMViewController.h; sourceTree = "<group>"; };
		1F695D082282DCFF008250F2 /* MVVMViewController.m */ = {isa = PBXFileReference; lastKnownFileType = sourcecode.c.objc; path = MVVMViewController.m; sourceTree = "<group>"; };
		1F695D1322830ECE008250F2 /* LoginViewModel.h */ = {isa = PBXFileReference; lastKnownFileType = sourcecode.c.h; path = LoginViewModel.h; sourceTree = "<group>"; };
		1F695D1422830ECE008250F2 /* LoginViewModel.m */ = {isa = PBXFileReference; lastKnownFileType = sourcecode.c.objc; path = LoginViewModel.m; sourceTree = "<group>"; };
		1F695D1622830F2D008250F2 /* LoginModel.h */ = {isa = PBXFileReference; lastKnownFileType = sourcecode.c.h; path = LoginModel.h; sourceTree = "<group>"; };
		1F695D1722830F2D008250F2 /* LoginModel.m */ = {isa = PBXFileReference; lastKnownFileType = sourcecode.c.objc; path = LoginModel.m; sourceTree = "<group>"; };
		1F726655224A726F00BFF2A3 /* RACDemo.app */ = {isa = PBXFileReference; explicitFileType = wrapper.application; includeInIndex = 0; path = RACDemo.app; sourceTree = BUILT_PRODUCTS_DIR; };
		1F726658224A726F00BFF2A3 /* AppDelegate.h */ = {isa = PBXFileReference; lastKnownFileType = sourcecode.c.h; path = AppDelegate.h; sourceTree = "<group>"; };
		1F726659224A726F00BFF2A3 /* AppDelegate.m */ = {isa = PBXFileReference; lastKnownFileType = sourcecode.c.objc; path = AppDelegate.m; sourceTree = "<group>"; };
		1F72665B224A726F00BFF2A3 /* ViewController.h */ = {isa = PBXFileReference; lastKnownFileType = sourcecode.c.h; path = ViewController.h; sourceTree = "<group>"; };
		1F72665C224A726F00BFF2A3 /* ViewController.m */ = {isa = PBXFileReference; lastKnownFileType = sourcecode.c.objc; path = ViewController.m; sourceTree = "<group>"; };
		1F72665F224A726F00BFF2A3 /* Base */ = {isa = PBXFileReference; lastKnownFileType = file.storyboard; name = Base; path = Base.lproj/Main.storyboard; sourceTree = "<group>"; };
		1F726661224A727600BFF2A3 /* Assets.xcassets */ = {isa = PBXFileReference; lastKnownFileType = folder.assetcatalog; path = Assets.xcassets; sourceTree = "<group>"; };
		1F726664224A727600BFF2A3 /* Base */ = {isa = PBXFileReference; lastKnownFileType = file.storyboard; name = Base; path = Base.lproj/LaunchScreen.storyboard; sourceTree = "<group>"; };
		1F726666224A727600BFF2A3 /* Info.plist */ = {isa = PBXFileReference; lastKnownFileType = text.plist.xml; path = Info.plist; sourceTree = "<group>"; };
		1F726667224A727600BFF2A3 /* main.m */ = {isa = PBXFileReference; lastKnownFileType = sourcecode.c.objc; path = main.m; sourceTree = "<group>"; };
		4E8269734C6BA14308AEF3FF /* libPods-RACDemo.a */ = {isa = PBXFileReference; explicitFileType = archive.ar; includeInIndex = 0; path = "libPods-RACDemo.a"; sourceTree = BUILT_PRODUCTS_DIR; };
		AFDF4F24E8CAA9FE375C8502 /* Pods-RACDemo.debug.xcconfig */ = {isa = PBXFileReference; includeInIndex = 1; lastKnownFileType = text.xcconfig; name = "Pods-RACDemo.debug.xcconfig"; path = "Pods/Target Support Files/Pods-RACDemo/Pods-RACDemo.debug.xcconfig"; sourceTree = "<group>"; };
/* End PBXFileReference section */

/* Begin PBXFrameworksBuildPhase section */
		1F726652224A726F00BFF2A3 /* Frameworks */ = {
			isa = PBXFrameworksBuildPhase;
			buildActionMask = 2147483647;
			files = (
				1770ECF45B095B96AC86F165 /* libPods-RACDemo.a in Frameworks */,
			);
			runOnlyForDeploymentPostprocessing = 0;
		};
/* End PBXFrameworksBuildPhase section */

/* Begin PBXGroup section */
		07633DE2A522E66973D3AACA /* Frameworks */ = {
			isa = PBXGroup;
			children = (
				4E8269734C6BA14308AEF3FF /* libPods-RACDemo.a */,
			);
			name = Frameworks;
			sourceTree = "<group>";
		};
		1F60608122832A0B003E720E /* View */ = {
			isa = PBXGroup;
			children = (
				1F60608A22832A4E003E720E /* MVPViewController.h */,
				1F60608B22832A4E003E720E /* MVPViewController.m */,
				1F60608E228336DA003E720E /* MVPLoginView.h */,
				1F60608F228336DA003E720E /* MVPLoginView.m */,
			);
			path = View;
			sourceTree = "<group>";
		};
		1F60608222832A0B003E720E /* Model */ = {
			isa = PBXGroup;
			children = (
				1F60608422832A24003E720E /* MVPModel.h */,
				1F60608522832A24003E720E /* MVPModel.m */,
			);
			path = Model;
			sourceTree = "<group>";
		};
		1F60608322832A0B003E720E /* Presenter */ = {
			isa = PBXGroup;
			children = (
				1F60608722832A3A003E720E /* MVPresenter.h */,
				1F60608822832A3A003E720E /* MVPresenter.m */,
				1F60608D22832A6C003E720E /* MVProtocal.h */,
			);
			path = Presenter;
			sourceTree = "<group>";
		};
		1F695D012282D9EE008250F2 /* MVC */ = {
			isa = PBXGroup;
			children = (
			);
			path = MVC;
			sourceTree = "<group>";
		};
		1F695D022282D9F8008250F2 /* MVP */ = {
			isa = PBXGroup;
			children = (
				1F60608122832A0B003E720E /* View */,
				1F60608222832A0B003E720E /* Model */,
				1F60608322832A0B003E720E /* Presenter */,
			);
			path = MVP;
			sourceTree = "<group>";
		};
		1F695D032282D9FF008250F2 /* MVVM+RAC */ = {
			isa = PBXGroup;
			children = (
				1F695D072282DCFF008250F2 /* MVVMViewController.h */,
				1F695D082282DCFF008250F2 /* MVVMViewController.m */,
				1F695D062282DCE9008250F2 /* Model */,
				1F695D042282DCE9008250F2 /* View */,
				1F695D052282DCE9008250F2 /* ViewModel */,
			);
			path = "MVVM+RAC";
			sourceTree = "<group>";
		};
		1F695D042282DCE9008250F2 /* View */ = {
			isa = PBXGroup;
			children = (
				1F60607E228315EB003E720E /* LoginView.h */,
				1F60607F228315EB003E720E /* LoginView.m */,
			);
			path = View;
			sourceTree = "<group>";
		};
		1F695D052282DCE9008250F2 /* ViewModel */ = {
			isa = PBXGroup;
			children = (
				1F695D1322830ECE008250F2 /* LoginViewModel.h */,
				1F695D1422830ECE008250F2 /* LoginViewModel.m */,
			);
			path = ViewModel;
			sourceTree = "<group>";
		};
		1F695D062282DCE9008250F2 /* Model */ = {
			isa = PBXGroup;
			children = (
				1F695D1622830F2D008250F2 /* LoginModel.h */,
				1F695D1722830F2D008250F2 /* LoginModel.m */,
			);
			path = Model;
			sourceTree = "<group>";
		};
		1F72664C224A726F00BFF2A3 = {
			isa = PBXGroup;
			children = (
				1F726657224A726F00BFF2A3 /* RACDemo */,
				1F726656224A726F00BFF2A3 /* Products */,
				9FB6C35AC7C45FF3C0CC3AE4 /* Pods */,
				07633DE2A522E66973D3AACA /* Frameworks */,
			);
			sourceTree = "<group>";
		};
		1F726656224A726F00BFF2A3 /* Products */ = {
			isa = PBXGroup;
			children = (
				1F726655224A726F00BFF2A3 /* RACDemo.app */,
			);
			name = Products;
			sourceTree = "<group>";
		};
		1F726657224A726F00BFF2A3 /* RACDemo */ = {
			isa = PBXGroup;
			children = (
				1F695D032282D9FF008250F2 /* MVVM+RAC */,
				1F695D022282D9F8008250F2 /* MVP */,
				1F695D012282D9EE008250F2 /* MVC */,
				1F726658224A726F00BFF2A3 /* AppDelegate.h */,
				1F726659224A726F00BFF2A3 /* AppDelegate.m */,
				1F72665B224A726F00BFF2A3 /* ViewController.h */,
				1F72665C224A726F00BFF2A3 /* ViewController.m */,
				1F695CFE2282D401008250F2 /* RacDelegateView.h */,
				1F695CFF2282D401008250F2 /* RacDelegateView.m */,
				1F72665E224A726F00BFF2A3 /* Main.storyboard */,
				1F726661224A727600BFF2A3 /* Assets.xcassets */,
				1F726663224A727600BFF2A3 /* LaunchScreen.storyboard */,
				1F726666224A727600BFF2A3 /* Info.plist */,
				1F726667224A727600BFF2A3 /* main.m */,
			);
			path = RACDemo;
			sourceTree = "<group>";
		};
		9FB6C35AC7C45FF3C0CC3AE4 /* Pods */ = {
			isa = PBXGroup;
			children = (
				AFDF4F24E8CAA9FE375C8502 /* Pods-RACDemo.debug.xcconfig */,
				0293F56524FF22C576D93E0B /* Pods-RACDemo.release.xcconfig */,
			);
			name = Pods;
			sourceTree = "<group>";
		};
/* End PBXGroup section */

/* Begin PBXNativeTarget section */
		1F726654224A726F00BFF2A3 /* RACDemo */ = {
			isa = PBXNativeTarget;
			buildConfigurationList = 1F72666B224A727600BFF2A3 /* Build configuration list for PBXNativeTarget "RACDemo" */;
			buildPhases = (
				C109072DE5DC6279133BFB27 /* [CP] Check Pods Manifest.lock */,
				1F726651224A726F00BFF2A3 /* Sources */,
				1F726652224A726F00BFF2A3 /* Frameworks */,
				1F726653224A726F00BFF2A3 /* Resources */,
			);
			buildRules = (
			);
			dependencies = (
			);
			name = RACDemo;
			productName = RACDemo;
			productReference = 1F726655224A726F00BFF2A3 /* RACDemo.app */;
			productType = "com.apple.product-type.application";
		};
/* End PBXNativeTarget section */

/* Begin PBXProject section */
		1F72664D224A726F00BFF2A3 /* Project object */ = {
			isa = PBXProject;
			attributes = {
				LastUpgradeCheck = 1000;
				ORGANIZATIONNAME = sjl;
				TargetAttributes = {
					1F726654224A726F00BFF2A3 = {
						CreatedOnToolsVersion = 10.0;
					};
				};
			};
			buildConfigurationList = 1F726650224A726F00BFF2A3 /* Build configuration list for PBXProject "RACDemo" */;
			compatibilityVersion = "Xcode 9.3";
			developmentRegion = en;
			hasScannedForEncodings = 0;
			knownRegions = (
				en,
				Base,
			);
			mainGroup = 1F72664C224A726F00BFF2A3;
			productRefGroup = 1F726656224A726F00BFF2A3 /* Products */;
			projectDirPath = "";
			projectRoot = "";
			targets = (
				1F726654224A726F00BFF2A3 /* RACDemo */,
			);
		};
/* End PBXProject section */

/* Begin PBXResourcesBuildPhase section */
		1F726653224A726F00BFF2A3 /* Resources */ = {
			isa = PBXResourcesBuildPhase;
			buildActionMask = 2147483647;
			files = (
				1F726665224A727600BFF2A3 /* LaunchScreen.storyboard in Resources */,
				1F726662224A727600BFF2A3 /* Assets.xcassets in Resources */,
				1F726660224A726F00BFF2A3 /* Main.storyboard in Resources */,
			);
			runOnlyForDeploymentPostprocessing = 0;
		};
/* End PBXResourcesBuildPhase section */

/* Begin PBXShellScriptBuildPhase section */
		C109072DE5DC6279133BFB27 /* [CP] Check Pods Manifest.lock */ = {
			isa = PBXShellScriptBuildPhase;
			buildActionMask = 2147483647;
			files = (
			);
			inputFileListPaths = (
			);
			inputPaths = (
				"${PODS_PODFILE_DIR_PATH}/Podfile.lock",
				"${PODS_ROOT}/Manifest.lock",
			);
			name = "[CP] Check Pods Manifest.lock";
			outputFileListPaths = (
			);
			outputPaths = (
				"$(DERIVED_FILE_DIR)/Pods-RACDemo-checkManifestLockResult.txt",
			);
			runOnlyForDeploymentPostprocessing = 0;
			shellPath = /bin/sh;
			shellScript = "diff \"${PODS_PODFILE_DIR_PATH}/Podfile.lock\" \"${PODS_ROOT}/Manifest.lock\" > /dev/null\nif [ $? != 0 ] ; then\n    # print error to STDERR\n    echo \"error: The sandbox is not in sync with the Podfile.lock. Run 'pod install' or update your CocoaPods installation.\" >&2\n    exit 1\nfi\n# This output is used by Xcode 'outputs' to avoid re-running this script phase.\necho \"SUCCESS\" > \"${SCRIPT_OUTPUT_FILE_0}\"\n";
			showEnvVarsInLog = 0;
		};
/* End PBXShellScriptBuildPhase section */

/* Begin PBXSourcesBuildPhase section */
		1F726651224A726F00BFF2A3 /* Sources */ = {
			isa = PBXSourcesBuildPhase;
			buildActionMask = 2147483647;
			files = (
				1F695D092282DCFF008250F2 /* MVVMViewController.m in Sources */,
				1F695D002282D401008250F2 /* RacDelegateView.m in Sources */,
				1F606080228315EB003E720E /* LoginView.m in Sources */,
				1F72665D224A726F00BFF2A3 /* ViewController.m in Sources */,
				1F726668224A727600BFF2A3 /* main.m in Sources */,
				1F60608622832A24003E720E /* MVPModel.m in Sources */,
				1F72665A224A726F00BFF2A3 /* AppDelegate.m in Sources */,
				1F695D1522830ECE008250F2 /* LoginViewModel.m in Sources */,
				1F606090228336DA003E720E /* MVPLoginView.m in Sources */,
				1F60608C22832A4E003E720E /* MVPViewController.m in Sources */,
				1F695D1822830F2D008250F2 /* LoginModel.m in Sources */,
				1F60608922832A3A003E720E /* MVPresenter.m in Sources */,
			);
			runOnlyForDeploymentPostprocessing = 0;
		};
/* End PBXSourcesBuildPhase section */

/* Begin PBXVariantGroup section */
		1F72665E224A726F00BFF2A3 /* Main.storyboard */ = {
			isa = PBXVariantGroup;
			children = (
				1F72665F224A726F00BFF2A3 /* Base */,
			);
			name = Main.storyboard;
			sourceTree = "<group>";
		};
		1F726663224A727600BFF2A3 /* LaunchScreen.storyboard */ = {
			isa = PBXVariantGroup;
			children = (
				1F726664224A727600BFF2A3 /* Base */,
			);
			name = LaunchScreen.storyboard;
			sourceTree = "<group>";
		};
/* End PBXVariantGroup section */

/* Begin XCBuildConfiguration section */
		1F726669224A727600BFF2A3 /* Debug */ = {
			isa = XCBuildConfiguration;
			buildSettings = {
				ALWAYS_SEARCH_USER_PATHS = NO;
				CLANG_ANALYZER_NONNULL = YES;
				CLANG_ANALYZER_NUMBER_OBJECT_CONVERSION = YES_AGGRESSIVE;
				CLANG_CXX_LANGUAGE_STANDARD = "gnu++14";
				CLANG_CXX_LIBRARY = "libc++";
				CLANG_ENABLE_MODULES = YES;
				CLANG_ENABLE_OBJC_ARC = YES;
				CLANG_ENABLE_OBJC_WEAK = YES;
				CLANG_WARN_BLOCK_CAPTURE_AUTORELEASING = YES;
				CLANG_WARN_BOOL_CONVERSION = YES;
				CLANG_WARN_COMMA = YES;
				CLANG_WARN_CONSTANT_CONVERSION = YES;
				CLANG_WARN_DEPRECATED_OBJC_IMPLEMENTATIONS = YES;
				CLANG_WARN_DIRECT_OBJC_ISA_USAGE = YES_ERROR;
				CLANG_WARN_DOCUMENTATION_COMMENTS = YES;
				CLANG_WARN_EMPTY_BODY = YES;
				CLANG_WARN_ENUM_CONVERSION = YES;
				CLANG_WARN_INFINITE_RECURSION = YES;
				CLANG_WARN_INT_CONVERSION = YES;
				CLANG_WARN_NON_LITERAL_NULL_CONVERSION = YES;
				CLANG_WARN_OBJC_IMPLICIT_RETAIN_SELF = YES;
				CLANG_WARN_OBJC_LITERAL_CONVERSION = YES;
				CLANG_WARN_OBJC_ROOT_CLASS = YES_ERROR;
				CLANG_WARN_RANGE_LOOP_ANALYSIS = YES;
				CLANG_WARN_STRICT_PROTOTYPES = YES;
				CLANG_WARN_SUSPICIOUS_MOVE = YES;
				CLANG_WARN_UNGUARDED_AVAILABILITY = YES_AGGRESSIVE;
				CLANG_WARN_UNREACHABLE_CODE = YES;
				CLANG_WARN__DUPLICATE_METHOD_MATCH = YES;
				CODE_SIGN_IDENTITY = "iPhone Developer";
				COPY_PHASE_STRIP = NO;
				DEBUG_INFORMATION_FORMAT = dwarf;
				ENABLE_STRICT_OBJC_MSGSEND = YES;
				ENABLE_TESTABILITY = YES;
				GCC_C_LANGUAGE_STANDARD = gnu11;
				GCC_DYNAMIC_NO_PIC = NO;
				GCC_NO_COMMON_BLOCKS = YES;
				GCC_OPTIMIZATION_LEVEL = 0;
				GCC_PREPROCESSOR_DEFINITIONS = (
					"DEBUG=1",
					"$(inherited)",
				);
				GCC_WARN_64_TO_32_BIT_CONVERSION = YES;
				GCC_WARN_ABOUT_RETURN_TYPE = YES_ERROR;
				GCC_WARN_UNDECLARED_SELECTOR = YES;
				GCC_WARN_UNINITIALIZED_AUTOS = YES_AGGRESSIVE;
				GCC_WARN_UNUSED_FUNCTION = YES;
				GCC_WARN_UNUSED_VARIABLE = YES;
				IPHONEOS_DEPLOYMENT_TARGET = 12.0;
				MTL_ENABLE_DEBUG_INFO = INCLUDE_SOURCE;
				MTL_FAST_MATH = YES;
				ONLY_ACTIVE_ARCH = YES;
				SDKROOT = iphoneos;
			};
			name = Debug;
		};
		1F72666A224A727600BFF2A3 /* Release */ = {
			isa = XCBuildConfiguration;
			buildSettings = {
				ALWAYS_SEARCH_USER_PATHS = NO;
				CLANG_ANALYZER_NONNULL = YES;
				CLANG_ANALYZER_NUMBER_OBJECT_CONVERSION = YES_AGGRESSIVE;
				CLANG_CXX_LANGUAGE_STANDARD = "gnu++14";
				CLANG_CXX_LIBRARY = "libc++";
				CLANG_ENABLE_MODULES = YES;
				CLANG_ENABLE_OBJC_ARC = YES;
				CLANG_ENABLE_OBJC_WEAK = YES;
				CLANG_WARN_BLOCK_CAPTURE_AUTORELEASING = YES;
				CLANG_WARN_BOOL_CONVERSION = YES;
				CLANG_WARN_COMMA = YES;
				CLANG_WARN_CONSTANT_CONVERSION = YES;
				CLANG_WARN_DEPRECATED_OBJC_IMPLEMENTATIONS = YES;
				CLANG_WARN_DIRECT_OBJC_ISA_USAGE = YES_ERROR;
				CLANG_WARN_DOCUMENTATION_COMMENTS = YES;
				CLANG_WARN_EMPTY_BODY = YES;
				CLANG_WARN_ENUM_CONVERSION = YES;
				CLANG_WARN_INFINITE_RECURSION = YES;
				CLANG_WARN_INT_CONVERSION = YES;
				CLANG_WARN_NON_LITERAL_NULL_CONVERSION = YES;
				CLANG_WARN_OBJC_IMPLICIT_RETAIN_SELF = YES;
				CLANG_WARN_OBJC_LITERAL_CONVERSION = YES;
				CLANG_WARN_OBJC_ROOT_CLASS = YES_ERROR;
				CLANG_WARN_RANGE_LOOP_ANALYSIS = YES;
				CLANG_WARN_STRICT_PROTOTYPES = YES;
				CLANG_WARN_SUSPICIOUS_MOVE = YES;
				CLANG_WARN_UNGUARDED_AVAILABILITY = YES_AGGRESSIVE;
				CLANG_WARN_UNREACHABLE_CODE = YES;
				CLANG_WARN__DUPLICATE_METHOD_MATCH = YES;
				CODE_SIGN_IDENTITY = "iPhone Developer";
				COPY_PHASE_STRIP = NO;
				DEBUG_INFORMATION_FORMAT = "dwarf-with-dsym";
				ENABLE_NS_ASSERTIONS = NO;
				ENABLE_STRICT_OBJC_MSGSEND = YES;
				GCC_C_LANGUAGE_STANDARD = gnu11;
				GCC_NO_COMMON_BLOCKS = YES;
				GCC_WARN_64_TO_32_BIT_CONVERSION = YES;
				GCC_WARN_ABOUT_RETURN_TYPE = YES_ERROR;
				GCC_WARN_UNDECLARED_SELECTOR = YES;
				GCC_WARN_UNINITIALIZED_AUTOS = YES_AGGRESSIVE;
				GCC_WARN_UNUSED_FUNCTION = YES;
				GCC_WARN_UNUSED_VARIABLE = YES;
				IPHONEOS_DEPLOYMENT_TARGET = 12.0;
				MTL_ENABLE_DEBUG_INFO = NO;
				MTL_FAST_MATH = YES;
				SDKROOT = iphoneos;
				VALIDATE_PRODUCT = YES;
			};
			name = Release;
		};
		1F72666C224A727600BFF2A3 /* Debug */ = {
			isa = XCBuildConfiguration;
			baseConfigurationReference = AFDF4F24E8CAA9FE375C8502 /* Pods-RACDemo.debug.xcconfig */;
			buildSettings = {
				ASSETCATALOG_COMPILER_APPICON_NAME = AppIcon;
				CODE_SIGN_STYLE = Automatic;
				INFOPLIST_FILE = RACDemo/Info.plist;
				LD_RUNPATH_SEARCH_PATHS = (
					"$(inherited)",
					"@executable_path/Frameworks",
				);
				PRODUCT_BUNDLE_IDENTIFIER = sjl.RACDemo;
				PRODUCT_NAME = "$(TARGET_NAME)";
				TARGETED_DEVICE_FAMILY = "1,2";
			};
			name = Debug;
		};
		1F72666D224A727600BFF2A3 /* Release */ = {
			isa = XCBuildConfiguration;
			baseConfigurationReference = 0293F56524FF22C576D93E0B /* Pods-RACDemo.release.xcconfig */;
			buildSettings = {
				ASSETCATALOG_COMPILER_APPICON_NAME = AppIcon;
				CODE_SIGN_STYLE = Automatic;
				INFOPLIST_FILE = RACDemo/Info.plist;
				LD_RUNPATH_SEARCH_PATHS = (
					"$(inherited)",
					"@executable_path/Frameworks",
				);
				PRODUCT_BUNDLE_IDENTIFIER = sjl.RACDemo;
				PRODUCT_NAME = "$(TARGET_NAME)";
				TARGETED_DEVICE_FAMILY = "1,2";
			};
			name = Release;
		};
/* End XCBuildConfiguration section */

/* Begin XCConfigurationList section */
		1F726650224A726F00BFF2A3 /* Build configuration list for PBXProject "RACDemo" */ = {
			isa = XCConfigurationList;
			buildConfigurations = (
				1F726669224A727600BFF2A3 /* Debug */,
				1F72666A224A727600BFF2A3 /* Release */,
			);
			defaultConfigurationIsVisible = 0;
			defaultConfigurationName = Release;
		};
		1F72666B224A727600BFF2A3 /* Build configuration list for PBXNativeTarget "RACDemo" */ = {
			isa = XCConfigurationList;
			buildConfigurations = (
				1F72666C224A727600BFF2A3 /* Debug */,
				1F72666D224A727600BFF2A3 /* Release */,
			);
			defaultConfigurationIsVisible = 0;
			defaultConfigurationName = Release;
		};
/* End XCConfigurationList section */
	};
	rootObject = 1F72664D224A726F00BFF2A3 /* Project object */;
}
